
Microsoft Visual Studio Solution File, Format Version 12.00
# Visual Studio Version 16
VisualStudioVersion = 16.0.29806.167
MinimumVisualStudioVersion = 10.0.40219.1
Project("{FAE04EC0-301F-11D3-BF4B-00C04F79EFBC}") = "WebApiJWT", "WebApiJWT\WebApiJWT.csproj", "{5AC3823A-026B-4287-A844-A6B55B41ED5D}"
EndProject
Global
	GlobalSection(SolutionConfigurationPlatforms) = preSolution
		Debug|Any CPU = Debug|Any CPU
		Release|Any CPU = Release|Any CPU
	EndGlobalSection
	GlobalSection(ProjectConfigurationPlatforms) = postSolution
		{5AC3823A-026B-4287-A844-A6B55B41ED5D}.Debug|Any CPU.ActiveCfg = Debug|Any CPU
		{5AC3823A-026B-4287-A844-A6B55B41ED5D}.Debug|Any CPU.Build.0 = Debug|Any CPU
		{5AC3823A-026B-4287-A844-A6B55B41ED5D}.Release|Any CPU.ActiveCfg = Release|Any CPU
		{5AC3823A-026B-4287-A844-A6B55B41ED5D}.Release|Any CPU.Build.0 = Release|Any CPU
	EndGlobalSection
	GlobalSection(SolutionProperties) = preSolution
		HideSolutionNode = FALSE
	EndGlobalSection
	GlobalSection(ExtensibilityGlobals) = postSolution
		SolutionGuid = {697BC2CD-3B6D-48B2-9C86-FD9DC3A4AC1D}
	EndGlobalSection
EndGlobal
